
Microsoft Visual Studio Solution File, Format Version 12.00
# Visual Studio Version 17
VisualStudioVersion = 17.10.35013.160
MinimumVisualStudioVersion = 10.0.40219.1
Project("{FAE04EC0-301F-11D3-BF4B-00C04F79EFBC}") = "AccountMain", "AccountMain\AccountMain.csproj", "{72B7C9E6-E9F8-490E-8311-611A3A6464B4}"
EndProject
Project("{FAE04EC0-301F-11D3-BF4B-00C04F79EFBC}") = "Accounts.Test", "Accounts.Test\Accounts.Test.csproj", "{D0522A92-1FF2-4F3E-A99E-29E00BCC80B3}"
EndProject
Global
	GlobalSection(SolutionConfigurationPlatforms) = preSolution
		Debug|Any CPU = Debug|Any CPU
		Release|Any CPU = Release|Any CPU
	EndGlobalSection
	GlobalSection(ProjectConfigurationPlatforms) = postSolution
		{72B7C9E6-E9F8-490E-8311-611A3A6464B4}.Debug|Any CPU.ActiveCfg = Debug|Any CPU
		{72B7C9E6-E9F8-490E-8311-611A3A6464B4}.Debug|Any CPU.Build.0 = Debug|Any CPU
		{72B7C9E6-E9F8-490E-8311-611A3A6464B4}.Release|Any CPU.ActiveCfg = Release|Any CPU
		{72B7C9E6-E9F8-490E-8311-611A3A6464B4}.Release|Any CPU.Build.0 = Release|Any CPU
		{D0522A92-1FF2-4F3E-A99E-29E00BCC80B3}.Debug|Any CPU.ActiveCfg = Debug|Any CPU
		{D0522A92-1FF2-4F3E-A99E-29E00BCC80B3}.Debug|Any CPU.Build.0 = Debug|Any CPU
		{D0522A92-1FF2-4F3E-A99E-29E00BCC80B3}.Release|Any CPU.ActiveCfg = Release|Any CPU
		{D0522A92-1FF2-4F3E-A99E-29E00BCC80B3}.Release|Any CPU.Build.0 = Release|Any CPU
	EndGlobalSection
	GlobalSection(SolutionProperties) = preSolution
		HideSolutionNode = FALSE
	EndGlobalSection
	GlobalSection(ExtensibilityGlobals) = postSolution
		SolutionGuid = {177DC26A-4E7B-422D-83F8-D4922707BB94}
	EndGlobalSection
EndGlobal
