
Microsoft Visual Studio Solution File, Format Version 12.00
# Visual Studio Version 17
VisualStudioVersion = 17.10.35013.160
MinimumVisualStudioVersion = 10.0.40219.1
Project("{FAE04EC0-301F-11D3-BF4B-00C04F79EFBC}") = "Day6_CSharp", "Day6_CSharp\Day6_CSharp.csproj", "{C2D4FB32-2483-421A-A1AB-48F21736A15D}"
EndProject
Global
	GlobalSection(SolutionConfigurationPlatforms) = preSolution
		Debug|Any CPU = Debug|Any CPU
		Release|Any CPU = Release|Any CPU
	EndGlobalSection
	GlobalSection(ProjectConfigurationPlatforms) = postSolution
		{C2D4FB32-2483-421A-A1AB-48F21736A15D}.Debug|Any CPU.ActiveCfg = Debug|Any CPU
		{C2D4FB32-2483-421A-A1AB-48F21736A15D}.Debug|Any CPU.Build.0 = Debug|Any CPU
		{C2D4FB32-2483-421A-A1AB-48F21736A15D}.Release|Any CPU.ActiveCfg = Release|Any CPU
		{C2D4FB32-2483-421A-A1AB-48F21736A15D}.Release|Any CPU.Build.0 = Release|Any CPU
	EndGlobalSection
	GlobalSection(SolutionProperties) = preSolution
		HideSolutionNode = FALSE
	EndGlobalSection
	GlobalSection(ExtensibilityGlobals) = postSolution
		SolutionGuid = {EE93F5F4-6428-46F2-BE28-0E3FAEE6B57A}
	EndGlobalSection
EndGlobal
