
Microsoft Visual Studio Solution File, Format Version 12.00
# Visual Studio Version 17
VisualStudioVersion = 17.10.35013.160
MinimumVisualStudioVersion = 10.0.40219.1
Project("{FAE04EC0-301F-11D3-BF4B-00C04F79EFBC}") = "Day2_CSharp", "Day2_CSharp\Day2_CSharp.csproj", "{6CACC4F7-AF0E-42E7-8035-D2D889496019}"
EndProject
Global
	GlobalSection(SolutionConfigurationPlatforms) = preSolution
		Debug|Any CPU = Debug|Any CPU
		Release|Any CPU = Release|Any CPU
	EndGlobalSection
	GlobalSection(ProjectConfigurationPlatforms) = postSolution
		{6CACC4F7-AF0E-42E7-8035-D2D889496019}.Debug|Any CPU.ActiveCfg = Debug|Any CPU
		{6CACC4F7-AF0E-42E7-8035-D2D889496019}.Debug|Any CPU.Build.0 = Debug|Any CPU
		{6CACC4F7-AF0E-42E7-8035-D2D889496019}.Release|Any CPU.ActiveCfg = Release|Any CPU
		{6CACC4F7-AF0E-42E7-8035-D2D889496019}.Release|Any CPU.Build.0 = Release|Any CPU
	EndGlobalSection
	GlobalSection(SolutionProperties) = preSolution
		HideSolutionNode = FALSE
	EndGlobalSection
	GlobalSection(ExtensibilityGlobals) = postSolution
		SolutionGuid = {8937B81D-8BC1-414C-BD90-869BFFDCBE01}
	EndGlobalSection
EndGlobal
